// !$*UTF8*$!
{
	archiveVersion = 1;
	classes = {
	};
	objectVersion = 77;
	objects = {

/* Begin PBXBuildFile section */
		285DD3872E4DC36D007A8C29 /* Alamofire.framework in Frameworks */ = {isa = PBXBuildFile; fileRef = 285DD3862E4DC36D007A8C29 /* Alamofire.framework */; };
		36FD593CD38CD12C5217248E /* Pods_renminglegou.framework in Frameworks */ = {isa = PBXBuildFile; fileRef = 3D8EC9276D64B64D7E96D0D7 /* Pods_renminglegou.framework */; };
/* End PBXBuildFile section */

/* Begin PBXContainerItemProxy section */
		2843750F2E4A150200A1CCCD /* PBXContainerItemProxy */ = {
			isa = PBXContainerItemProxy;
			containerPortal = 284374F62E4A14FF00A1CCCD /* Project object */;
			proxyType = 1;
			remoteGlobalIDString = 284374FD2E4A150000A1CCCD;
			remoteInfo = renminglegou;
		};
		284375192E4A150200A1CCCD /* PBXContainerItemProxy */ = {
			isa = PBXContainerItemProxy;
			containerPortal = 284374F62E4A14FF00A1CCCD /* Project object */;
			proxyType = 1;
			remoteGlobalIDString = 284374FD2E4A150000A1CCCD;
			remoteInfo = renminglegou;
		};
/* End PBXContainerItemProxy section */

/* Begin PBXFileReference section */
		284374FE2E4A150000A1CCCD /* renminglegou.app */ = {isa = PBXFileReference; explicitFileType = wrapper.application; includeInIndex = 0; path = renminglegou.app; sourceTree = BUILT_PRODUCTS_DIR; };
		2843750E2E4A150200A1CCCD /* renminglegouTests.xctest */ = {isa = PBXFileReference; explicitFileType = wrapper.cfbundle; includeInIndex = 0; path = renminglegouTests.xctest; sourceTree = BUILT_PRODUCTS_DIR; };
		284375182E4A150200A1CCCD /* renminglegouUITests.xctest */ = {isa = PBXFileReference; explicitFileType = wrapper.cfbundle; includeInIndex = 0; path = renminglegouUITests.xctest; sourceTree = BUILT_PRODUCTS_DIR; };
		285DD3862E4DC36D007A8C29 /* Alamofire.framework */ = {isa = PBXFileReference; explicitFileType = wrapper.framework; path = Alamofire.framework; sourceTree = BUILT_PRODUCTS_DIR; };
		3D8EC9276D64B64D7E96D0D7 /* Pods_renminglegou.framework */ = {isa = PBXFileReference; explicitFileType = wrapper.framework; includeInIndex = 0; path = Pods_renminglegou.framework; sourceTree = BUILT_PRODUCTS_DIR; };
		5663AC2A973D8DA97F66D2DF /* Pods-renminglegou.release.xcconfig */ = {isa = PBXFileReference; includeInIndex = 1; lastKnownFileType = text.xcconfig; name = "Pods-renminglegou.release.xcconfig"; path = "Target Support Files/Pods-renminglegou/Pods-renminglegou.release.xcconfig"; sourceTree = "<group>"; };
		F99969A4D4CB15309339B9C6 /* Pods-renminglegou.debug.xcconfig */ = {isa = PBXFileReference; includeInIndex = 1; lastKnownFileType = text.xcconfig; name = "Pods-renminglegou.debug.xcconfig"; path = "Target Support Files/Pods-renminglegou/Pods-renminglegou.debug.xcconfig"; sourceTree = "<group>"; };
/* End PBXFileReference section */

/* Begin PBXFileSystemSynchronizedBuildFileExceptionSet section */
		2859B46A2E4AF96600F65870 /* Exceptions for "renminglegou" folder in "renminglegou" target */ = {
			isa = PBXFileSystemSynchronizedBuildFileExceptionSet;
			membershipExceptions = (
				Info.plist,
			);
			target = 284374FD2E4A150000A1CCCD /* renminglegou */;
		};
/* End PBXFileSystemSynchronizedBuildFileExceptionSet section */

/* Begin PBXFileSystemSynchronizedRootGroup section */
		284375002E4A150000A1CCCD /* renminglegou */ = {
			isa = PBXFileSystemSynchronizedRootGroup;
			exceptions = (
				2859B46A2E4AF96600F65870 /* Exceptions for "renminglegou" folder in "renminglegou" target */,
			);
			path = renminglegou;
			sourceTree = "<group>";
		};
		284375112E4A150200A1CCCD /* renminglegouTests */ = {
			isa = PBXFileSystemSynchronizedRootGroup;
			path = renminglegouTests;
			sourceTree = "<group>";
		};
		2843751B2E4A150200A1CCCD /* renminglegouUITests */ = {
			isa = PBXFileSystemSynchronizedRootGroup;
			path = renminglegouUITests;
			sourceTree = "<group>";
		};
/* End PBXFileSystemSynchronizedRootGroup section */

/* Begin PBXFrameworksBuildPhase section */
		284374FB2E4A150000A1CCCD /* Frameworks */ = {
			isa = PBXFrameworksBuildPhase;
			buildActionMask = 2147483647;
			files = (
				36FD593CD38CD12C5217248E /* Pods_renminglegou.framework in Frameworks */,
				285DD3872E4DC36D007A8C29 /* Alamofire.framework in Frameworks */,
			);
			runOnlyForDeploymentPostprocessing = 0;
		};
		2843750B2E4A150200A1CCCD /* Frameworks */ = {
			isa = PBXFrameworksBuildPhase;
			buildActionMask = 2147483647;
			files = (
			);
			runOnlyForDeploymentPostprocessing = 0;
		};
		284375152E4A150200A1CCCD /* Frameworks */ = {
			isa = PBXFrameworksBuildPhase;
			buildActionMask = 2147483647;
			files = (
			);
			runOnlyForDeploymentPostprocessing = 0;
		};
/* End PBXFrameworksBuildPhase section */

/* Begin PBXGroup section */
		284374F52E4A14FF00A1CCCD = {
			isa = PBXGroup;
			children = (
				284375002E4A150000A1CCCD /* renminglegou */,
				284375112E4A150200A1CCCD /* renminglegouTests */,
				2843751B2E4A150200A1CCCD /* renminglegouUITests */,
				284374FF2E4A150000A1CCCD /* Products */,
				3953089D4791C5AD5AFEBE05 /* Pods */,
				4C71423C73CA43FC85DF8CB9 /* Frameworks */,
			);
			sourceTree = "<group>";
		};
		284374FF2E4A150000A1CCCD /* Products */ = {
			isa = PBXGroup;
			children = (
				284374FE2E4A150000A1CCCD /* renminglegou.app */,
				2843750E2E4A150200A1CCCD /* renminglegouTests.xctest */,
				284375182E4A150200A1CCCD /* renminglegouUITests.xctest */,
			);
			name = Products;
			sourceTree = "<group>";
		};
		3953089D4791C5AD5AFEBE05 /* Pods */ = {
			isa = PBXGroup;
			children = (
				F99969A4D4CB15309339B9C6 /* Pods-renminglegou.debug.xcconfig */,
				5663AC2A973D8DA97F66D2DF /* Pods-renminglegou.release.xcconfig */,
			);
			path = Pods;
			sourceTree = "<group>";
		};
		4C71423C73CA43FC85DF8CB9 /* Frameworks */ = {
			isa = PBXGroup;
			children = (
				285DD3862E4DC36D007A8C29 /* Alamofire.framework */,
				3D8EC9276D64B64D7E96D0D7 /* Pods_renminglegou.framework */,
			);
			name = Frameworks;
			sourceTree = "<group>";
		};
/* End PBXGroup section */

/* Begin PBXNativeTarget section */
		284374FD2E4A150000A1CCCD /* renminglegou */ = {
			isa = PBXNativeTarget;
			buildConfigurationList = 284375222E4A150200A1CCCD /* Build configuration list for PBXNativeTarget "renminglegou" */;
			buildPhases = (
				FBA0A6B662D9C30F798CB9C8 /* [CP] Check Pods Manifest.lock */,
				284374FA2E4A150000A1CCCD /* Sources */,
				284374FB2E4A150000A1CCCD /* Frameworks */,
				284374FC2E4A150000A1CCCD /* Resources */,
				A0DBABA33DC8FA73782281C3 /* [CP] Embed Pods Frameworks */,
				F9C4FB80B41F64A7FC846CCE /* [CP] Copy Pods Resources */,
			);
			buildRules = (
			);
			dependencies = (
			);
			fileSystemSynchronizedGroups = (
				284375002E4A150000A1CCCD /* renminglegou */,
			);
			name = renminglegou;
			productName = renminglegou;
			productReference = 284374FE2E4A150000A1CCCD /* renminglegou.app */;
			productType = "com.apple.product-type.application";
		};
		2843750D2E4A150200A1CCCD /* renminglegouTests */ = {
			isa = PBXNativeTarget;
			buildConfigurationList = 284375252E4A150200A1CCCD /* Build configuration list for PBXNativeTarget "renminglegouTests" */;
			buildPhases = (
				2843750A2E4A150200A1CCCD /* Sources */,
				2843750B2E4A150200A1CCCD /* Frameworks */,
				2843750C2E4A150200A1CCCD /* Resources */,
			);
			buildRules = (
			);
			dependencies = (
				284375102E4A150200A1CCCD /* PBXTargetDependency */,
			);
			fileSystemSynchronizedGroups = (
				284375112E4A150200A1CCCD /* renminglegouTests */,
			);
			name = renminglegouTests;
			productName = renminglegouTests;
			productReference = 2843750E2E4A150200A1CCCD /* renminglegouTests.xctest */;
			productType = "com.apple.product-type.bundle.unit-test";
		};
		284375172E4A150200A1CCCD /* renminglegouUITests */ = {
			isa = PBXNativeTarget;
			buildConfigurationList = 284375282E4A150200A1CCCD /* Build configuration list for PBXNativeTarget "renminglegouUITests" */;
			buildPhases = (
				284375142E4A150200A1CCCD /* Sources */,
				284375152E4A150200A1CCCD /* Frameworks */,
				284375162E4A150200A1CCCD /* Resources */,
			);
			buildRules = (
			);
			dependencies = (
				2843751A2E4A150200A1CCCD /* PBXTargetDependency */,
			);
			fileSystemSynchronizedGroups = (
				2843751B2E4A150200A1CCCD /* renminglegouUITests */,
			);
			name = renminglegouUITests;
			productName = renminglegouUITests;
			productReference = 284375182E4A150200A1CCCD /* renminglegouUITests.xctest */;
			productType = "com.apple.product-type.bundle.ui-testing";
		};
/* End PBXNativeTarget section */

/* Begin PBXProject section */
		284374F62E4A14FF00A1CCCD /* Project object */ = {
			isa = PBXProject;
			attributes = {
				BuildIndependentTargetsInParallel = 1;
				LastSwiftUpdateCheck = 1620;
				LastUpgradeCheck = 1620;
				TargetAttributes = {
					284374FD2E4A150000A1CCCD = {
						CreatedOnToolsVersion = 16.2;
					};
					2843750D2E4A150200A1CCCD = {
						CreatedOnToolsVersion = 16.2;
						TestTargetID = 284374FD2E4A150000A1CCCD;
					};
					284375172E4A150200A1CCCD = {
						CreatedOnToolsVersion = 16.2;
						TestTargetID = 284374FD2E4A150000A1CCCD;
					};
				};
			};
			buildConfigurationList = 284374F92E4A14FF00A1CCCD /* Build configuration list for PBXProject "renminglegou" */;
			developmentRegion = en;
			hasScannedForEncodings = 0;
			knownRegions = (
				en,
				Base,
			);
			mainGroup = 284374F52E4A14FF00A1CCCD;
			minimizedProjectReferenceProxies = 1;
			preferredProjectObjectVersion = 77;
			productRefGroup = 284374FF2E4A150000A1CCCD /* Products */;
			projectDirPath = "";
			projectRoot = "";
			targets = (
				284374FD2E4A150000A1CCCD /* renminglegou */,
				2843750D2E4A150200A1CCCD /* renminglegouTests */,
				284375172E4A150200A1CCCD /* renminglegouUITests */,
			);
		};
/* End PBXProject section */

/* Begin PBXResourcesBuildPhase section */
		284374FC2E4A150000A1CCCD /* Resources */ = {
			isa = PBXResourcesBuildPhase;
			buildActionMask = 2147483647;
			files = (
			);
			runOnlyForDeploymentPostprocessing = 0;
		};
		2843750C2E4A150200A1CCCD /* Resources */ = {
			isa = PBXResourcesBuildPhase;
			buildActionMask = 2147483647;
			files = (
			);
			runOnlyForDeploymentPostprocessing = 0;
		};
		284375162E4A150200A1CCCD /* Resources */ = {
			isa = PBXResourcesBuildPhase;
			buildActionMask = 2147483647;
			files = (
			);
			runOnlyForDeploymentPostprocessing = 0;
		};
/* End PBXResourcesBuildPhase section */

/* Begin PBXShellScriptBuildPhase section */
		A0DBABA33DC8FA73782281C3 /* [CP] Embed Pods Frameworks */ = {
			isa = PBXShellScriptBuildPhase;
			buildActionMask = 2147483647;
			files = (
			);
			inputFileListPaths = (
				"${PODS_ROOT}/Target Support Files/Pods-renminglegou/Pods-renminglegou-frameworks-${CONFIGURATION}-input-files.xcfilelist",
			);
			inputPaths = (
			);
			name = "[CP] Embed Pods Frameworks";
			outputFileListPaths = (
				"${PODS_ROOT}/Target Support Files/Pods-renminglegou/Pods-renminglegou-frameworks-${CONFIGURATION}-output-files.xcfilelist",
			);
			outputPaths = (
			);
			runOnlyForDeploymentPostprocessing = 0;
			shellPath = /bin/sh;
			shellScript = "\"${PODS_ROOT}/Target Support Files/Pods-renminglegou/Pods-renminglegou-frameworks.sh\"\n";
			showEnvVarsInLog = 0;
		};
		F9C4FB80B41F64A7FC846CCE /* [CP] Copy Pods Resources */ = {
			isa = PBXShellScriptBuildPhase;
			buildActionMask = 2147483647;
			files = (
			);
			inputFileListPaths = (
				"${PODS_ROOT}/Target Support Files/Pods-renminglegou/Pods-renminglegou-resources-${CONFIGURATION}-input-files.xcfilelist",
			);
			inputPaths = (
			);
			name = "[CP] Copy Pods Resources";
			outputFileListPaths = (
				"${PODS_ROOT}/Target Support Files/Pods-renminglegou/Pods-renminglegou-resources-${CONFIGURATION}-output-files.xcfilelist",
			);
			outputPaths = (
			);
			runOnlyForDeploymentPostprocessing = 0;
			shellPath = /bin/sh;
			shellScript = "\"${PODS_ROOT}/Target Support Files/Pods-renminglegou/Pods-renminglegou-resources.sh\"\n";
			showEnvVarsInLog = 0;
		};
		FBA0A6B662D9C30F798CB9C8 /* [CP] Check Pods Manifest.lock */ = {
			isa = PBXShellScriptBuildPhase;
			buildActionMask = 2147483647;
			files = (
			);
			inputFileListPaths = (
			);
			inputPaths = (
				"${PODS_PODFILE_DIR_PATH}/Podfile.lock",
				"${PODS_ROOT}/Manifest.lock",
			);
			name = "[CP] Check Pods Manifest.lock";
			outputFileListPaths = (
			);
			outputPaths = (
				"$(DERIVED_FILE_DIR)/Pods-renminglegou-checkManifestLockResult.txt",
			);
			runOnlyForDeploymentPostprocessing = 0;
			shellPath = /bin/sh;
			shellScript = "diff \"${PODS_PODFILE_DIR_PATH}/Podfile.lock\" \"${PODS_ROOT}/Manifest.lock\" > /dev/null\nif [ $? != 0 ] ; then\n    # print error to STDERR\n    echo \"error: The sandbox is not in sync with the Podfile.lock. Run 'pod install' or update your CocoaPods installation.\" >&2\n    exit 1\nfi\n# This output is used by Xcode 'outputs' to avoid re-running this script phase.\necho \"SUCCESS\" > \"${SCRIPT_OUTPUT_FILE_0}\"\n";
			showEnvVarsInLog = 0;
		};
/* End PBXShellScriptBuildPhase section */

/* Begin PBXSourcesBuildPhase section */
		284374FA2E4A150000A1CCCD /* Sources */ = {
			isa = PBXSourcesBuildPhase;
			buildActionMask = 2147483647;
			files = (
			);
			runOnlyForDeploymentPostprocessing = 0;
		};
		2843750A2E4A150200A1CCCD /* Sources */ = {
			isa = PBXSourcesBuildPhase;
			buildActionMask = 2147483647;
			files = (
			);
			runOnlyForDeploymentPostprocessing = 0;
		};
		284375142E4A150200A1CCCD /* Sources */ = {
			isa = PBXSourcesBuildPhase;
			buildActionMask = 2147483647;
			files = (
			);
			runOnlyForDeploymentPostprocessing = 0;
		};
/* End PBXSourcesBuildPhase section */

/* Begin PBXTargetDependency section */
		284375102E4A150200A1CCCD /* PBXTargetDependency */ = {
			isa = PBXTargetDependency;
			target = 284374FD2E4A150000A1CCCD /* renminglegou */;
			targetProxy = 2843750F2E4A150200A1CCCD /* PBXContainerItemProxy */;
		};
		2843751A2E4A150200A1CCCD /* PBXTargetDependency */ = {
			isa = PBXTargetDependency;
			target = 284374FD2E4A150000A1CCCD /* renminglegou */;
			targetProxy = 284375192E4A150200A1CCCD /* PBXContainerItemProxy */;
		};
/* End PBXTargetDependency section */

/* Begin XCBuildConfiguration section */
		284375202E4A150200A1CCCD /* Debug */ = {
			isa = XCBuildConfiguration;
			buildSettings = {
				ALWAYS_SEARCH_USER_PATHS = NO;
				ASSETCATALOG_COMPILER_GENERATE_SWIFT_ASSET_SYMBOL_EXTENSIONS = YES;
				CLANG_ANALYZER_NONNULL = YES;
				CLANG_ANALYZER_NUMBER_OBJECT_CONVERSION = YES_AGGRESSIVE;
				CLANG_CXX_LANGUAGE_STANDARD = "gnu++20";
				CLANG_ENABLE_MODULES = YES;
				CLANG_ENABLE_OBJC_ARC = YES;
				CLANG_ENABLE_OBJC_WEAK = YES;
				CLANG_WARN_BLOCK_CAPTURE_AUTORELEASING = YES;
				CLANG_WARN_BOOL_CONVERSION = YES;
				CLANG_WARN_COMMA = YES;
				CLANG_WARN_CONSTANT_CONVERSION = YES;
				CLANG_WARN_DEPRECATED_OBJC_IMPLEMENTATIONS = YES;
				CLANG_WARN_DIRECT_OBJC_ISA_USAGE = YES_ERROR;
				CLANG_WARN_DOCUMENTATION_COMMENTS = YES;
				CLANG_WARN_EMPTY_BODY = YES;
				CLANG_WARN_ENUM_CONVERSION = YES;
				CLANG_WARN_INFINITE_RECURSION = YES;
				CLANG_WARN_INT_CONVERSION = YES;
				CLANG_WARN_NON_LITERAL_NULL_CONVERSION = YES;
				CLANG_WARN_OBJC_IMPLICIT_RETAIN_SELF = YES;
				CLANG_WARN_OBJC_LITERAL_CONVERSION = YES;
				CLANG_WARN_OBJC_ROOT_CLASS = YES_ERROR;
				CLANG_WARN_QUOTED_INCLUDE_IN_FRAMEWORK_HEADER = YES;
				CLANG_WARN_RANGE_LOOP_ANALYSIS = YES;
				CLANG_WARN_STRICT_PROTOTYPES = YES;
				CLANG_WARN_SUSPICIOUS_MOVE = YES;
				CLANG_WARN_UNGUARDED_AVAILABILITY = YES_AGGRESSIVE;
				CLANG_WARN_UNREACHABLE_CODE = YES;
				CLANG_WARN__DUPLICATE_METHOD_MATCH = YES;
				COPY_PHASE_STRIP = NO;
				DEBUG_INFORMATION_FORMAT = dwarf;
				ENABLE_STRICT_OBJC_MSGSEND = YES;
				ENABLE_TESTABILITY = YES;
				ENABLE_USER_SCRIPT_SANDBOXING = YES;
				GCC_C_LANGUAGE_STANDARD = gnu17;
				GCC_DYNAMIC_NO_PIC = NO;
				GCC_NO_COMMON_BLOCKS = YES;
				GCC_OPTIMIZATION_LEVEL = 0;
				GCC_PREPROCESSOR_DEFINITIONS = (
					"DEBUG=1",
					"$(inherited)",
				);
				GCC_WARN_64_TO_32_BIT_CONVERSION = YES;
				GCC_WARN_ABOUT_RETURN_TYPE = YES_ERROR;
				GCC_WARN_UNDECLARED_SELECTOR = YES;
				GCC_WARN_UNINITIALIZED_AUTOS = YES_AGGRESSIVE;
				GCC_WARN_UNUSED_FUNCTION = YES;
				GCC_WARN_UNUSED_VARIABLE = YES;
				IPHONEOS_DEPLOYMENT_TARGET = 18.2;
				LOCALIZATION_PREFERS_STRING_CATALOGS = YES;
				MTL_ENABLE_DEBUG_INFO = INCLUDE_SOURCE;
				MTL_FAST_MATH = YES;
				ONLY_ACTIVE_ARCH = YES;
				SDKROOT = iphoneos;
				SWIFT_ACTIVE_COMPILATION_CONDITIONS = "DEBUG $(inherited)";
				SWIFT_OPTIMIZATION_LEVEL = "-Onone";
			};
			name = Debug;
		};
		284375212E4A150200A1CCCD /* Release */ = {
			isa = XCBuildConfiguration;
			buildSettings = {
				ALWAYS_SEARCH_USER_PATHS = NO;
				ASSETCATALOG_COMPILER_GENERATE_SWIFT_ASSET_SYMBOL_EXTENSIONS = YES;
				CLANG_ANALYZER_NONNULL = YES;
				CLANG_ANALYZER_NUMBER_OBJECT_CONVERSION = YES_AGGRESSIVE;
				CLANG_CXX_LANGUAGE_STANDARD = "gnu++20";
				CLANG_ENABLE_MODULES = YES;
				CLANG_ENABLE_OBJC_ARC = YES;
				CLANG_ENABLE_OBJC_WEAK = YES;
				CLANG_WARN_BLOCK_CAPTURE_AUTORELEASING = YES;
				CLANG_WARN_BOOL_CONVERSION = YES;
				CLANG_WARN_COMMA = YES;
				CLANG_WARN_CONSTANT_CONVERSION = YES;
				CLANG_WARN_DEPRECATED_OBJC_IMPLEMENTATIONS = YES;
				CLANG_WARN_DIRECT_OBJC_ISA_USAGE = YES_ERROR;
				CLANG_WARN_DOCUMENTATION_COMMENTS = YES;
				CLANG_WARN_EMPTY_BODY = YES;
				CLANG_WARN_ENUM_CONVERSION = YES;
				CLANG_WARN_INFINITE_RECURSION = YES;
				CLANG_WARN_INT_CONVERSION = YES;
				CLANG_WARN_NON_LITERAL_NULL_CONVERSION = YES;
				CLANG_WARN_OBJC_IMPLICIT_RETAIN_SELF = YES;
				CLANG_WARN_OBJC_LITERAL_CONVERSION = YES;
				CLANG_WARN_OBJC_ROOT_CLASS = YES_ERROR;
				CLANG_WARN_QUOTED_INCLUDE_IN_FRAMEWORK_HEADER = YES;
				CLANG_WARN_RANGE_LOOP_ANALYSIS = YES;
				CLANG_WARN_STRICT_PROTOTYPES = YES;
				CLANG_WARN_SUSPICIOUS_MOVE = YES;
				CLANG_WARN_UNGUARDED_AVAILABILITY = YES_AGGRESSIVE;
				CLANG_WARN_UNREACHABLE_CODE = YES;
				CLANG_WARN__DUPLICATE_METHOD_MATCH = YES;
				COPY_PHASE_STRIP = NO;
				DEBUG_INFORMATION_FORMAT = "dwarf-with-dsym";
				ENABLE_NS_ASSERTIONS = NO;
				ENABLE_STRICT_OBJC_MSGSEND = YES;
				ENABLE_USER_SCRIPT_SANDBOXING = YES;
				GCC_C_LANGUAGE_STANDARD = gnu17;
				GCC_NO_COMMON_BLOCKS = YES;
				GCC_WARN_64_TO_32_BIT_CONVERSION = YES;
				GCC_WARN_ABOUT_RETURN_TYPE = YES_ERROR;
				GCC_WARN_UNDECLARED_SELECTOR = YES;
				GCC_WARN_UNINITIALIZED_AUTOS = YES_AGGRESSIVE;
				GCC_WARN_UNUSED_FUNCTION = YES;
				GCC_WARN_UNUSED_VARIABLE = YES;
				IPHONEOS_DEPLOYMENT_TARGET = 18.2;
				LOCALIZATION_PREFERS_STRING_CATALOGS = YES;
				MTL_ENABLE_DEBUG_INFO = NO;
				MTL_FAST_MATH = YES;
				SDKROOT = iphoneos;
				SWIFT_COMPILATION_MODE = wholemodule;
				VALIDATE_PRODUCT = YES;
			};
			name = Release;
		};
		284375232E4A150200A1CCCD /* Debug */ = {
			isa = XCBuildConfiguration;
			baseConfigurationReference = F99969A4D4CB15309339B9C6 /* Pods-renminglegou.debug.xcconfig */;
			buildSettings = {
				ASSETCATALOG_COMPILER_APPICON_NAME = AppIcon;
				ASSETCATALOG_COMPILER_GLOBAL_ACCENT_COLOR_NAME = AccentColor;
				CODE_SIGN_STYLE = Automatic;
				CURRENT_PROJECT_VERSION = 1;
				DEVELOPMENT_ASSET_PATHS = "\"renminglegou/Preview Content\"";
				DEVELOPMENT_TEAM = NBL9HM43WZ;
				ENABLE_PREVIEWS = YES;
				ENABLE_USER_SCRIPT_SANDBOXING = NO;
				GENERATE_INFOPLIST_FILE = YES;
				INFOPLIST_FILE = renminglegou/Info.plist;
				INFOPLIST_KEY_NSUserTrackingUsageDescription = "此权限用于显示个性化广告内容。我们仅使用设备的匿名标识符，不会收集或存储您的个人信息。您可以随时在\"设置-隐私与安全性-跟踪\"中更改此设置。";
				INFOPLIST_KEY_UIApplicationSceneManifest_Generation = YES;
				INFOPLIST_KEY_UIApplicationSupportsIndirectInputEvents = YES;
				INFOPLIST_KEY_UILaunchScreen_Generation = YES;
				INFOPLIST_KEY_UISupportedInterfaceOrientations_iPad = "UIInterfaceOrientationPortrait UIInterfaceOrientationPortraitUpsideDown UIInterfaceOrientationLandscapeLeft UIInterfaceOrientationLandscapeRight";
				INFOPLIST_KEY_UISupportedInterfaceOrientations_iPhone = "UIInterfaceOrientationPortrait UIInterfaceOrientationLandscapeLeft UIInterfaceOrientationLandscapeRight";
				IPHONEOS_DEPLOYMENT_TARGET = 16.0;
				LD_RUNPATH_SEARCH_PATHS = (
					"$(inherited)",
					"@executable_path/Frameworks",
				);
				MARKETING_VERSION = 1.0;
				OTHER_LDFLAGS = (
					"$(inherited)",
					"-framework",
					"\"Alamofire\"",
				);
				PRODUCT_BUNDLE_IDENTIFIER = com.sxw.renminglegou;
				PRODUCT_NAME = "$(TARGET_NAME)";
				SWIFT_EMIT_LOC_STRINGS = YES;
				SWIFT_VERSION = 5.0;
				TARGETED_DEVICE_FAMILY = "1,2";
			};
			name = Debug;
		};
		284375242E4A150200A1CCCD /* Release */ = {
			isa = XCBuildConfiguration;
			baseConfigurationReference = 5663AC2A973D8DA97F66D2DF /* Pods-renminglegou.release.xcconfig */;
			buildSettings = {
				ASSETCATALOG_COMPILER_APPICON_NAME = AppIcon;
				ASSETCATALOG_COMPILER_GLOBAL_ACCENT_COLOR_NAME = AccentColor;
				CODE_SIGN_STYLE = Automatic;
				CURRENT_PROJECT_VERSION = 1;
				DEVELOPMENT_ASSET_PATHS = "\"renminglegou/Preview Content\"";
				DEVELOPMENT_TEAM = NBL9HM43WZ;
				ENABLE_PREVIEWS = YES;
				ENABLE_USER_SCRIPT_SANDBOXING = NO;
				GENERATE_INFOPLIST_FILE = YES;
				INFOPLIST_FILE = renminglegou/Info.plist;
				INFOPLIST_KEY_NSUserTrackingUsageDescription = "此权限用于显示个性化广告内容。我们仅使用设备的匿名标识符，不会收集或存储您的个人信息。您可以随时在\"设置-隐私与安全性-跟踪\"中更改此设置。";
				INFOPLIST_KEY_UIApplicationSceneManifest_Generation = YES;
				INFOPLIST_KEY_UIApplicationSupportsIndirectInputEvents = YES;
				INFOPLIST_KEY_UILaunchScreen_Generation = YES;
				INFOPLIST_KEY_UISupportedInterfaceOrientations_iPad = "UIInterfaceOrientationPortrait UIInterfaceOrientationPortraitUpsideDown UIInterfaceOrientationLandscapeLeft UIInterfaceOrientationLandscapeRight";
				INFOPLIST_KEY_UISupportedInterfaceOrientations_iPhone = "UIInterfaceOrientationPortrait UIInterfaceOrientationLandscapeLeft UIInterfaceOrientationLandscapeRight";
				IPHONEOS_DEPLOYMENT_TARGET = 16.0;
				LD_RUNPATH_SEARCH_PATHS = (
					"$(inherited)",
					"@executable_path/Frameworks",
				);
				MARKETING_VERSION = 1.0;
				OTHER_LDFLAGS = (
					"$(inherited)",
					"-framework",
					"\"Alamofire\"",
				);
				PRODUCT_BUNDLE_IDENTIFIER = com.sxw.renminglegou;
				PRODUCT_NAME = "$(TARGET_NAME)";
				SWIFT_EMIT_LOC_STRINGS = YES;
				SWIFT_VERSION = 5.0;
				TARGETED_DEVICE_FAMILY = "1,2";
			};
			name = Release;
		};
		284375262E4A150200A1CCCD /* Debug */ = {
			isa = XCBuildConfiguration;
			buildSettings = {
				BUNDLE_LOADER = "$(TEST_HOST)";
				CODE_SIGN_STYLE = Automatic;
				CURRENT_PROJECT_VERSION = 1;
				DEVELOPMENT_TEAM = NBL9HM43WZ;
				GENERATE_INFOPLIST_FILE = YES;
				IPHONEOS_DEPLOYMENT_TARGET = 18.2;
				MARKETING_VERSION = 1.0;
				PRODUCT_BUNDLE_IDENTIFIER = com.sxw.renminglegouTests;
				PRODUCT_NAME = "$(TARGET_NAME)";
				SWIFT_EMIT_LOC_STRINGS = NO;
				SWIFT_VERSION = 5.0;
				TARGETED_DEVICE_FAMILY = "1,2";
				TEST_HOST = "$(BUILT_PRODUCTS_DIR)/renminglegou.app/$(BUNDLE_EXECUTABLE_FOLDER_PATH)/renminglegou";
			};
			name = Debug;
		};
		284375272E4A150200A1CCCD /* Release */ = {
			isa = XCBuildConfiguration;
			buildSettings = {
				BUNDLE_LOADER = "$(TEST_HOST)";
				CODE_SIGN_STYLE = Automatic;
				CURRENT_PROJECT_VERSION = 1;
				DEVELOPMENT_TEAM = NBL9HM43WZ;
				GENERATE_INFOPLIST_FILE = YES;
				IPHONEOS_DEPLOYMENT_TARGET = 18.2;
				MARKETING_VERSION = 1.0;
				PRODUCT_BUNDLE_IDENTIFIER = com.sxw.renminglegouTests;
				PRODUCT_NAME = "$(TARGET_NAME)";
				SWIFT_EMIT_LOC_STRINGS = NO;
				SWIFT_VERSION = 5.0;
				TARGETED_DEVICE_FAMILY = "1,2";
				TEST_HOST = "$(BUILT_PRODUCTS_DIR)/renminglegou.app/$(BUNDLE_EXECUTABLE_FOLDER_PATH)/renminglegou";
			};
			name = Release;
		};
		284375292E4A150200A1CCCD /* Debug */ = {
			isa = XCBuildConfiguration;
			buildSettings = {
				CODE_SIGN_STYLE = Automatic;
				CURRENT_PROJECT_VERSION = 1;
				DEVELOPMENT_TEAM = NBL9HM43WZ;
				GENERATE_INFOPLIST_FILE = YES;
				MARKETING_VERSION = 1.0;
				PRODUCT_BUNDLE_IDENTIFIER = com.sxw.renminglegouUITests;
				PRODUCT_NAME = "$(TARGET_NAME)";
				SWIFT_EMIT_LOC_STRINGS = NO;
				SWIFT_VERSION = 5.0;
				TARGETED_DEVICE_FAMILY = "1,2";
				TEST_TARGET_NAME = renminglegou;
			};
			name = Debug;
		};
		2843752A2E4A150200A1CCCD /* Release */ = {
			isa = XCBuildConfiguration;
			buildSettings = {
				CODE_SIGN_STYLE = Automatic;
				CURRENT_PROJECT_VERSION = 1;
				DEVELOPMENT_TEAM = NBL9HM43WZ;
				GENERATE_INFOPLIST_FILE = YES;
				MARKETING_VERSION = 1.0;
				PRODUCT_BUNDLE_IDENTIFIER = com.sxw.renminglegouUITests;
				PRODUCT_NAME = "$(TARGET_NAME)";
				SWIFT_EMIT_LOC_STRINGS = NO;
				SWIFT_VERSION = 5.0;
				TARGETED_DEVICE_FAMILY = "1,2";
				TEST_TARGET_NAME = renminglegou;
			};
			name = Release;
		};
/* End XCBuildConfiguration section */

/* Begin XCConfigurationList section */
		284374F92E4A14FF00A1CCCD /* Build configuration list for PBXProject "renminglegou" */ = {
			isa = XCConfigurationList;
			buildConfigurations = (
				284375202E4A150200A1CCCD /* Debug */,
				284375212E4A150200A1CCCD /* Release */,
			);
			defaultConfigurationIsVisible = 0;
			defaultConfigurationName = Release;
		};
		284375222E4A150200A1CCCD /* Build configuration list for PBXNativeTarget "renminglegou" */ = {
			isa = XCConfigurationList;
			buildConfigurations = (
				284375232E4A150200A1CCCD /* Debug */,
				284375242E4A150200A1CCCD /* Release */,
			);
			defaultConfigurationIsVisible = 0;
			defaultConfigurationName = Release;
		};
		284375252E4A150200A1CCCD /* Build configuration list for PBXNativeTarget "renminglegouTests" */ = {
			isa = XCConfigurationList;
			buildConfigurations = (
				284375262E4A150200A1CCCD /* Debug */,
				284375272E4A150200A1CCCD /* Release */,
			);
			defaultConfigurationIsVisible = 0;
			defaultConfigurationName = Release;
		};
		284375282E4A150200A1CCCD /* Build configuration list for PBXNativeTarget "renminglegouUITests" */ = {
			isa = XCConfigurationList;
			buildConfigurations = (
				284375292E4A150200A1CCCD /* Debug */,
				2843752A2E4A150200A1CCCD /* Release */,
			);
			defaultConfigurationIsVisible = 0;
			defaultConfigurationName = Release;
		};
/* End XCConfigurationList section */
	};
	rootObject = 284374F62E4A14FF00A1CCCD /* Project object */;
}
